
Microsoft Visual Studio Solution File, Format Version 12.00
# Visual Studio 15
VisualStudioVersion = 15.0.27428.2015
MinimumVisualStudioVersion = 10.0.40219.1
Project("{FAE04EC0-301F-11D3-BF4B-00C04F79EFBC}") = "Todo.Android", "Todo\Todo.Android\Todo.Android.csproj", "{4F06BA5B-8045-4B9E-BD35-3F330673E877}"
EndProject
Project("{FAE04EC0-301F-11D3-BF4B-00C04F79EFBC}") = "Todo.iOS", "Todo\Todo.iOS\Todo.iOS.csproj", "{E8554A32-813B-44B0-BE1D-4ADD7677F702}"
EndProject
Project("{FAE04EC0-301F-11D3-BF4B-00C04F79EFBC}") = "Todo", "Todo\Todo\Todo.csproj", "{45C8CC08-11EE-4F88-9AB4-B0BD782E0440}"
EndProject
Global
	GlobalSection(SolutionConfigurationPlatforms) = preSolution
		Ad-Hoc|Any CPU = Ad-Hoc|Any CPU
		Ad-Hoc|iPhone = Ad-Hoc|iPhone
		Ad-Hoc|iPhoneSimulator = Ad-Hoc|iPhoneSimulator
		AppStore|Any CPU = AppStore|Any CPU
		AppStore|iPhone = AppStore|iPhone
		AppStore|iPhoneSimulator = AppStore|iPhoneSimulator
		Debug|Any CPU = Debug|Any CPU
		Debug|iPhone = Debug|iPhone
		Debug|iPhoneSimulator = Debug|iPhoneSimulator
		Release|Any CPU = Release|Any CPU
		Release|iPhone = Release|iPhone
		Release|iPhoneSimulator = Release|iPhoneSimulator
	EndGlobalSection
	GlobalSection(ProjectConfigurationPlatforms) = postSolution
		{4F06BA5B-8045-4B9E-BD35-3F330673E877}.Ad-Hoc|Any CPU.ActiveCfg = Release|Any CPU
		{4F06BA5B-8045-4B9E-BD35-3F330673E877}.Ad-Hoc|Any CPU.Build.0 = Release|Any CPU
		{4F06BA5B-8045-4B9E-BD35-3F330673E877}.Ad-Hoc|Any CPU.Deploy.0 = Release|Any CPU
		{4F06BA5B-8045-4B9E-BD35-3F330673E877}.Ad-Hoc|iPhone.ActiveCfg = Release|Any CPU
		{4F06BA5B-8045-4B9E-BD35-3F330673E877}.Ad-Hoc|iPhone.Build.0 = Release|Any CPU
		{4F06BA5B-8045-4B9E-BD35-3F330673E877}.Ad-Hoc|iPhone.Deploy.0 = Release|Any CPU
		{4F06BA5B-8045-4B9E-BD35-3F330673E877}.Ad-Hoc|iPhoneSimulator.ActiveCfg = Release|Any CPU
		{4F06BA5B-8045-4B9E-BD35-3F330673E877}.Ad-Hoc|iPhoneSimulator.Build.0 = Release|Any CPU
		{4F06BA5B-8045-4B9E-BD35-3F330673E877}.Ad-Hoc|iPhoneSimulator.Deploy.0 = Release|Any CPU
		{4F06BA5B-8045-4B9E-BD35-3F330673E877}.AppStore|Any CPU.ActiveCfg = Release|Any CPU
		{4F06BA5B-8045-4B9E-BD35-3F330673E877}.AppStore|Any CPU.Build.0 = Release|Any CPU
		{4F06BA5B-8045-4B9E-BD35-3F330673E877}.AppStore|Any CPU.Deploy.0 = Release|Any CPU
		{4F06BA5B-8045-4B9E-BD35-3F330673E877}.AppStore|iPhone.ActiveCfg = Release|Any CPU
		{4F06BA5B-8045-4B9E-BD35-3F330673E877}.AppStore|iPhone.Build.0 = Release|Any CPU
		{4F06BA5B-8045-4B9E-BD35-3F330673E877}.AppStore|iPhone.Deploy.0 = Release|Any CPU
		{4F06BA5B-8045-4B9E-BD35-3F330673E877}.AppStore|iPhoneSimulator.ActiveCfg = Release|Any CPU
		{4F06BA5B-8045-4B9E-BD35-3F330673E877}.AppStore|iPhoneSimulator.Build.0 = Release|Any CPU
		{4F06BA5B-8045-4B9E-BD35-3F330673E877}.AppStore|iPhoneSimulator.Deploy.0 = Release|Any CPU
		{4F06BA5B-8045-4B9E-BD35-3F330673E877}.Debug|Any CPU.ActiveCfg = Debug|Any CPU
		{4F06BA5B-8045-4B9E-BD35-3F330673E877}.Debug|Any CPU.Build.0 = Debug|Any CPU
		{4F06BA5B-8045-4B9E-BD35-3F330673E877}.Debug|Any CPU.Deploy.0 = Debug|Any CPU
		{4F06BA5B-8045-4B9E-BD35-3F330673E877}.Debug|iPhone.ActiveCfg = Debug|Any CPU
		{4F06BA5B-8045-4B9E-BD35-3F330673E877}.Debug|iPhone.Build.0 = Debug|Any CPU
		{4F06BA5B-8045-4B9E-BD35-3F330673E877}.Debug|iPhone.Deploy.0 = Debug|Any CPU
		{4F06BA5B-8045-4B9E-BD35-3F330673E877}.Debug|iPhoneSimulator.ActiveCfg = Debug|Any CPU
		{4F06BA5B-8045-4B9E-BD35-3F330673E877}.Debug|iPhoneSimulator.Build.0 = Debug|Any CPU
		{4F06BA5B-8045-4B9E-BD35-3F330673E877}.Debug|iPhoneSimulator.Deploy.0 = Debug|Any CPU
		{4F06BA5B-8045-4B9E-BD35-3F330673E877}.Release|Any CPU.ActiveCfg = Release|Any CPU
		{4F06BA5B-8045-4B9E-BD35-3F330673E877}.Release|Any CPU.Build.0 = Release|Any CPU
		{4F06BA5B-8045-4B9E-BD35-3F330673E877}.Release|Any CPU.Deploy.0 = Release|Any CPU
		{4F06BA5B-8045-4B9E-BD35-3F330673E877}.Release|iPhone.ActiveCfg = Release|Any CPU
		{4F06BA5B-8045-4B9E-BD35-3F330673E877}.Release|iPhone.Build.0 = Release|Any CPU
		{4F06BA5B-8045-4B9E-BD35-3F330673E877}.Release|iPhone.Deploy.0 = Release|Any CPU
		{4F06BA5B-8045-4B9E-BD35-3F330673E877}.Release|iPhoneSimulator.ActiveCfg = Release|Any CPU
		{4F06BA5B-8045-4B9E-BD35-3F330673E877}.Release|iPhoneSimulator.Build.0 = Release|Any CPU
		{4F06BA5B-8045-4B9E-BD35-3F330673E877}.Release|iPhoneSimulator.Deploy.0 = Release|Any CPU
		{E8554A32-813B-44B0-BE1D-4ADD7677F702}.Ad-Hoc|Any CPU.ActiveCfg = Ad-Hoc|iPhone
		{E8554A32-813B-44B0-BE1D-4ADD7677F702}.Ad-Hoc|iPhone.ActiveCfg = Ad-Hoc|iPhone
		{E8554A32-813B-44B0-BE1D-4ADD7677F702}.Ad-Hoc|iPhone.Build.0 = Ad-Hoc|iPhone
		{E8554A32-813B-44B0-BE1D-4ADD7677F702}.Ad-Hoc|iPhoneSimulator.ActiveCfg = Ad-Hoc|iPhoneSimulator
		{E8554A32-813B-44B0-BE1D-4ADD7677F702}.Ad-Hoc|iPhoneSimulator.Build.0 = Ad-Hoc|iPhoneSimulator
		{E8554A32-813B-44B0-BE1D-4ADD7677F702}.AppStore|Any CPU.ActiveCfg = AppStore|iPhone
		{E8554A32-813B-44B0-BE1D-4ADD7677F702}.AppStore|iPhone.ActiveCfg = AppStore|iPhone
		{E8554A32-813B-44B0-BE1D-4ADD7677F702}.AppStore|iPhone.Build.0 = AppStore|iPhone
		{E8554A32-813B-44B0-BE1D-4ADD7677F702}.AppStore|iPhoneSimulator.ActiveCfg = AppStore|iPhoneSimulator
		{E8554A32-813B-44B0-BE1D-4ADD7677F702}.AppStore|iPhoneSimulator.Build.0 = AppStore|iPhoneSimulator
		{E8554A32-813B-44B0-BE1D-4ADD7677F702}.Debug|Any CPU.ActiveCfg = Debug|iPhone
		{E8554A32-813B-44B0-BE1D-4ADD7677F702}.Debug|iPhone.ActiveCfg = Debug|iPhone
		{E8554A32-813B-44B0-BE1D-4ADD7677F702}.Debug|iPhone.Build.0 = Debug|iPhone
		{E8554A32-813B-44B0-BE1D-4ADD7677F702}.Debug|iPhoneSimulator.ActiveCfg = Debug|iPhoneSimulator
		{E8554A32-813B-44B0-BE1D-4ADD7677F702}.Debug|iPhoneSimulator.Build.0 = Debug|iPhoneSimulator
		{E8554A32-813B-44B0-BE1D-4ADD7677F702}.Release|Any CPU.ActiveCfg = Release|iPhone
		{E8554A32-813B-44B0-BE1D-4ADD7677F702}.Release|iPhone.ActiveCfg = Release|iPhone
		{E8554A32-813B-44B0-BE1D-4ADD7677F702}.Release|iPhone.Build.0 = Release|iPhone
		{E8554A32-813B-44B0-BE1D-4ADD7677F702}.Release|iPhoneSimulator.ActiveCfg = Release|iPhoneSimulator
		{E8554A32-813B-44B0-BE1D-4ADD7677F702}.Release|iPhoneSimulator.Build.0 = Release|iPhoneSimulator
		{45C8CC08-11EE-4F88-9AB4-B0BD782E0440}.Ad-Hoc|Any CPU.ActiveCfg = Debug|Any CPU
		{45C8CC08-11EE-4F88-9AB4-B0BD782E0440}.Ad-Hoc|Any CPU.Build.0 = Debug|Any CPU
		{45C8CC08-11EE-4F88-9AB4-B0BD782E0440}.Ad-Hoc|iPhone.ActiveCfg = Debug|Any CPU
		{45C8CC08-11EE-4F88-9AB4-B0BD782E0440}.Ad-Hoc|iPhone.Build.0 = Debug|Any CPU
		{45C8CC08-11EE-4F88-9AB4-B0BD782E0440}.Ad-Hoc|iPhoneSimulator.ActiveCfg = Debug|Any CPU
		{45C8CC08-11EE-4F88-9AB4-B0BD782E0440}.Ad-Hoc|iPhoneSimulator.Build.0 = Debug|Any CPU
		{45C8CC08-11EE-4F88-9AB4-B0BD782E0440}.AppStore|Any CPU.ActiveCfg = Debug|Any CPU
		{45C8CC08-11EE-4F88-9AB4-B0BD782E0440}.AppStore|Any CPU.Build.0 = Debug|Any CPU
		{45C8CC08-11EE-4F88-9AB4-B0BD782E0440}.AppStore|iPhone.ActiveCfg = Debug|Any CPU
		{45C8CC08-11EE-4F88-9AB4-B0BD782E0440}.AppStore|iPhone.Build.0 = Debug|Any CPU
		{45C8CC08-11EE-4F88-9AB4-B0BD782E0440}.AppStore|iPhoneSimulator.ActiveCfg = Debug|Any CPU
		{45C8CC08-11EE-4F88-9AB4-B0BD782E0440}.AppStore|iPhoneSimulator.Build.0 = Debug|Any CPU
		{45C8CC08-11EE-4F88-9AB4-B0BD782E0440}.Debug|Any CPU.ActiveCfg = Debug|Any CPU
		{45C8CC08-11EE-4F88-9AB4-B0BD782E0440}.Debug|Any CPU.Build.0 = Debug|Any CPU
		{45C8CC08-11EE-4F88-9AB4-B0BD782E0440}.Debug|iPhone.ActiveCfg = Debug|Any CPU
		{45C8CC08-11EE-4F88-9AB4-B0BD782E0440}.Debug|iPhone.Build.0 = Debug|Any CPU
		{45C8CC08-11EE-4F88-9AB4-B0BD782E0440}.Debug|iPhoneSimulator.ActiveCfg = Debug|Any CPU
		{45C8CC08-11EE-4F88-9AB4-B0BD782E0440}.Debug|iPhoneSimulator.Build.0 = Debug|Any CPU
		{45C8CC08-11EE-4F88-9AB4-B0BD782E0440}.Release|Any CPU.ActiveCfg = Release|Any CPU
		{45C8CC08-11EE-4F88-9AB4-B0BD782E0440}.Release|Any CPU.Build.0 = Release|Any CPU
		{45C8CC08-11EE-4F88-9AB4-B0BD782E0440}.Release|iPhone.ActiveCfg = Release|Any CPU
		{45C8CC08-11EE-4F88-9AB4-B0BD782E0440}.Release|iPhone.Build.0 = Release|Any CPU
		{45C8CC08-11EE-4F88-9AB4-B0BD782E0440}.Release|iPhoneSimulator.ActiveCfg = Release|Any CPU
		{45C8CC08-11EE-4F88-9AB4-B0BD782E0440}.Release|iPhoneSimulator.Build.0 = Release|Any CPU
	EndGlobalSection
	GlobalSection(SolutionProperties) = preSolution
		HideSolutionNode = FALSE
	EndGlobalSection
	GlobalSection(ExtensibilityGlobals) = postSolution
		SolutionGuid = {D1256228-6266-45BC-A1B7-E37EAE2A8FAE}
	EndGlobalSection
EndGlobal
